
Microsoft Visual Studio Solution File, Format Version 12.00
# Visual Studio Version 17
VisualStudioVersion = 17.5.002.0
MinimumVisualStudioVersion = 10.0.40219.1
Project("{9A19103F-16F7-4668-BE54-9A1E7A4F7556}") = "ShieldApparel", "ShieldApparel.csproj", "{78FBA199-151F-446F-A003-A077E13D4B89}"
EndProject
Global
	GlobalSection(SolutionConfigurationPlatforms) = preSolution
		Debug|Any CPU = Debug|Any CPU
		Release|Any CPU = Release|Any CPU
	EndGlobalSection
	GlobalSection(ProjectConfigurationPlatforms) = postSolution
		{78FBA199-151F-446F-A003-A077E13D4B89}.Debug|Any CPU.ActiveCfg = Debug|Any CPU
		{78FBA199-151F-446F-A003-A077E13D4B89}.Debug|Any CPU.Build.0 = Debug|Any CPU
		{78FBA199-151F-446F-A003-A077E13D4B89}.Release|Any CPU.ActiveCfg = Release|Any CPU
		{78FBA199-151F-446F-A003-A077E13D4B89}.Release|Any CPU.Build.0 = Release|Any CPU
	EndGlobalSection
	GlobalSection(SolutionProperties) = preSolution
		HideSolutionNode = FALSE
	EndGlobalSection
	GlobalSection(ExtensibilityGlobals) = postSolution
		SolutionGuid = {164242A0-9D5A-4AF2-9C6E-A40A0FE105EA}
	EndGlobalSection
EndGlobal
